
Microsoft Visual Studio Solution File, Format Version 12.00
# Visual Studio 15
VisualStudioVersion = 15.0.28307.572
MinimumVisualStudioVersion = 10.0.40219.1
Project("{FAE04EC0-301F-11D3-BF4B-00C04F79EFBC}") = "PageMethods Exemplo", "PageMethods Exemplo\PageMethods Exemplo.csproj", "{DBBB1B36-7245-4A44-8274-0B22DE10A60E}"
EndProject
Global
	GlobalSection(SolutionConfigurationPlatforms) = preSolution
		Debug|Any CPU = Debug|Any CPU
		Release|Any CPU = Release|Any CPU
	EndGlobalSection
	GlobalSection(ProjectConfigurationPlatforms) = postSolution
		{DBBB1B36-7245-4A44-8274-0B22DE10A60E}.Debug|Any CPU.ActiveCfg = Debug|Any CPU
		{DBBB1B36-7245-4A44-8274-0B22DE10A60E}.Debug|Any CPU.Build.0 = Debug|Any CPU
		{DBBB1B36-7245-4A44-8274-0B22DE10A60E}.Release|Any CPU.ActiveCfg = Release|Any CPU
		{DBBB1B36-7245-4A44-8274-0B22DE10A60E}.Release|Any CPU.Build.0 = Release|Any CPU
	EndGlobalSection
	GlobalSection(SolutionProperties) = preSolution
		HideSolutionNode = FALSE
	EndGlobalSection
	GlobalSection(ExtensibilityGlobals) = postSolution
		SolutionGuid = {2D0A291E-7C1F-4B07-AF83-65E9A2F64A77}
	EndGlobalSection
EndGlobal
